{
  "name": "@brunocarvalho/error-handler",
  "version": "0.1.0",
  "lockfileVersion": 1,
  "requires": true,
  "dependencies": {
    "http-status": {
      "version": "1.2.0",
      "resolved": "https://registry.npmjs.org/http-status/-/http-status-1.2.0.tgz",
      "integrity": "sha512-cSX+i/g4Kj5lkfOqS9w0SrxQF4hX7gsfikBtSDm5PFrAy+8fjRKk9+JRCG5cEZ40b6q6GOJk3P0QyDB5JpE0Ig=="
    },
    "lodash.assign": {
      "version": "4.2.0",
      "resolved": "https://registry.npmjs.org/lodash.assign/-/lodash.assign-4.2.0.tgz",
      "integrity": "sha1-DZnzzNem0mHRm9rrkkUAXShYCOc="
    },
    "lodash.pick": {
      "version": "4.4.0",
      "resolved": "https://registry.npmjs.org/lodash.pick/-/lodash.pick-4.4.0.tgz",
      "integrity": "sha1-UvBWEP/53tQiYRRB7R/BI6AwAbM="
    }
  }
}
